
Microsoft Visual Studio Solution File, Format Version 12.00
# Visual Studio Version 17
VisualStudioVersion = 17.4.33213.308
MinimumVisualStudioVersion = 10.0.40219.1
Project("{9A19103F-16F7-4668-BE54-9A1E7A4F7556}") = "OneInc", "OneInc\OneInc.csproj", "{93C915A2-1D82-484C-80CB-6C7382F68F84}"
EndProject
Project("{9A19103F-16F7-4668-BE54-9A1E7A4F7556}") = "BusinessLogicTest", "BusinessLogicTest\BusinessLogicTest.csproj", "{C5170EE0-04C0-4712-8C84-C2FFD13570E8}"
EndProject
Global
	GlobalSection(SolutionConfigurationPlatforms) = preSolution
		Debug|Any CPU = Debug|Any CPU
		Release|Any CPU = Release|Any CPU
	EndGlobalSection
	GlobalSection(ProjectConfigurationPlatforms) = postSolution
		{93C915A2-1D82-484C-80CB-6C7382F68F84}.Debug|Any CPU.ActiveCfg = Debug|Any CPU
		{93C915A2-1D82-484C-80CB-6C7382F68F84}.Debug|Any CPU.Build.0 = Debug|Any CPU
		{93C915A2-1D82-484C-80CB-6C7382F68F84}.Release|Any CPU.ActiveCfg = Release|Any CPU
		{93C915A2-1D82-484C-80CB-6C7382F68F84}.Release|Any CPU.Build.0 = Release|Any CPU
		{C5170EE0-04C0-4712-8C84-C2FFD13570E8}.Debug|Any CPU.ActiveCfg = Debug|Any CPU
		{C5170EE0-04C0-4712-8C84-C2FFD13570E8}.Debug|Any CPU.Build.0 = Debug|Any CPU
		{C5170EE0-04C0-4712-8C84-C2FFD13570E8}.Release|Any CPU.ActiveCfg = Release|Any CPU
		{C5170EE0-04C0-4712-8C84-C2FFD13570E8}.Release|Any CPU.Build.0 = Release|Any CPU
	EndGlobalSection
	GlobalSection(SolutionProperties) = preSolution
		HideSolutionNode = FALSE
	EndGlobalSection
	GlobalSection(ExtensibilityGlobals) = postSolution
		SolutionGuid = {9D69CC52-66A0-4465-97AD-20037C4CFED6}
	EndGlobalSection
EndGlobal
